
Microsoft Visual Studio Solution File, Format Version 12.00
# Visual Studio Version 16
VisualStudioVersion = 16.0.30611.23
MinimumVisualStudioVersion = 10.0.40219.1
Project("{FAE04EC0-301F-11D3-BF4B-00C04F79EFBC}") = "SalesWEB", "SalesWEB\SalesWEB.csproj", "{63E1A1C5-B019-4AFA-A34B-F7523655FEEA}"
EndProject
Global
	GlobalSection(SolutionConfigurationPlatforms) = preSolution
		Debug|Any CPU = Debug|Any CPU
		Release|Any CPU = Release|Any CPU
	EndGlobalSection
	GlobalSection(ProjectConfigurationPlatforms) = postSolution
		{63E1A1C5-B019-4AFA-A34B-F7523655FEEA}.Debug|Any CPU.ActiveCfg = Debug|Any CPU
		{63E1A1C5-B019-4AFA-A34B-F7523655FEEA}.Debug|Any CPU.Build.0 = Debug|Any CPU
		{63E1A1C5-B019-4AFA-A34B-F7523655FEEA}.Release|Any CPU.ActiveCfg = Release|Any CPU
		{63E1A1C5-B019-4AFA-A34B-F7523655FEEA}.Release|Any CPU.Build.0 = Release|Any CPU
	EndGlobalSection
	GlobalSection(SolutionProperties) = preSolution
		HideSolutionNode = FALSE
	EndGlobalSection
	GlobalSection(ExtensibilityGlobals) = postSolution
		SolutionGuid = {2D947FB2-397F-431D-B036-12B4BFFEC65A}
	EndGlobalSection
EndGlobal
